
Microsoft Visual Studio Solution File, Format Version 12.00
# Visual Studio 15
VisualStudioVersion = 15.0.28307.572
MinimumVisualStudioVersion = 10.0.40219.1
Project("{54435603-DBB4-11D2-8724-00A0C9A8B90C}") = "SetupWizard1", "SetupWizard1\SetupWizard1.vdproj", "{AABC7151-AB20-47D4-AABB-C13895282041}"
EndProject
Global
	GlobalSection(SolutionConfigurationPlatforms) = preSolution
		Debug|Default = Debug|Default
		Release|Default = Release|Default
	EndGlobalSection
	GlobalSection(ProjectConfigurationPlatforms) = postSolution
		{AABC7151-AB20-47D4-AABB-C13895282041}.Debug|Default.ActiveCfg = Debug
		{AABC7151-AB20-47D4-AABB-C13895282041}.Debug|Default.Build.0 = Debug
		{AABC7151-AB20-47D4-AABB-C13895282041}.Release|Default.ActiveCfg = Release
		{AABC7151-AB20-47D4-AABB-C13895282041}.Release|Default.Build.0 = Release
	EndGlobalSection
	GlobalSection(SolutionProperties) = preSolution
		HideSolutionNode = FALSE
	EndGlobalSection
	GlobalSection(ExtensibilityGlobals) = postSolution
		SolutionGuid = {BC0ADE81-1F23-47BF-B6AA-B022AC724EE9}
	EndGlobalSection
EndGlobal
